// !$*UTF8*$!
{
	archiveVersion = 1;
	classes = {
	};
	objectVersion = 46;
	objects = {

/* Begin PBXBuildFile section */
		0F0046BC15F22B7C00CF7B24 /* UIKit.framework in Frameworks */ = {isa = PBXBuildFile; fileRef = 0F0046BB15F22B7C00CF7B24 /* UIKit.framework */; };
		0F0046BE15F22B7C00CF7B24 /* Foundation.framework in Frameworks */ = {isa = PBXBuildFile; fileRef = 0F0046BD15F22B7C00CF7B24 /* Foundation.framework */; };
		0F0046C015F22B7C00CF7B24 /* CoreGraphics.framework in Frameworks */ = {isa = PBXBuildFile; fileRef = 0F0046BF15F22B7C00CF7B24 /* CoreGraphics.framework */; };
		0F0046C215F22B7C00CF7B24 /* GLKit.framework in Frameworks */ = {isa = PBXBuildFile; fileRef = 0F0046C115F22B7C00CF7B24 /* GLKit.framework */; };
		0F0046C415F22B7C00CF7B24 /* OpenGLES.framework in Frameworks */ = {isa = PBXBuildFile; fileRef = 0F0046C315F22B7C00CF7B24 /* OpenGLES.framework */; };
		0F0046CA15F22B7C00CF7B24 /* InfoPlist.strings in Resources */ = {isa = PBXBuildFile; fileRef = 0F0046C815F22B7C00CF7B24 /* InfoPlist.strings */; };
		0F0046CC15F22B7C00CF7B24 /* main.m in Sources */ = {isa = PBXBuildFile; fileRef = 0F0046CB15F22B7C00CF7B24 /* main.m */; };
		0F0046D015F22B7C00CF7B24 /* PerlinAppDelegate.m in Sources */ = {isa = PBXBuildFile; fileRef = 0F0046CF15F22B7C00CF7B24 /* PerlinAppDelegate.m */; };
		0F0046D215F22B7C00CF7B24 /* Shader.fsh in Resources */ = {isa = PBXBuildFile; fileRef = 0F0046D115F22B7C00CF7B24 /* Shader.fsh */; };
		0F0046D415F22B7C00CF7B24 /* Shader.vsh in Resources */ = {isa = PBXBuildFile; fileRef = 0F0046D315F22B7C00CF7B24 /* Shader.vsh */; };
		0F0046D715F22B7C00CF7B24 /* PerlinViewController.m in Sources */ = {isa = PBXBuildFile; fileRef = 0F0046D615F22B7C00CF7B24 /* PerlinViewController.m */; };
		0F0046DA15F22B7C00CF7B24 /* PerlinViewController.xib in Resources */ = {isa = PBXBuildFile; fileRef = 0F0046D815F22B7C00CF7B24 /* PerlinViewController.xib */; };
/* End PBXBuildFile section */

/* Begin PBXFileReference section */
		0F0046B715F22B7C00CF7B24 /* Perlin.app */ = {isa = PBXFileReference; explicitFileType = wrapper.application; includeInIndex = 0; path = Perlin.app; sourceTree = BUILT_PRODUCTS_DIR; };
		0F0046BB15F22B7C00CF7B24 /* UIKit.framework */ = {isa = PBXFileReference; lastKnownFileType = wrapper.framework; name = UIKit.framework; path = System/Library/Frameworks/UIKit.framework; sourceTree = SDKROOT; };
		0F0046BD15F22B7C00CF7B24 /* Foundation.framework */ = {isa = PBXFileReference; lastKnownFileType = wrapper.framework; name = Foundation.framework; path = System/Library/Frameworks/Foundation.framework; sourceTree = SDKROOT; };
		0F0046BF15F22B7C00CF7B24 /* CoreGraphics.framework */ = {isa = PBXFileReference; lastKnownFileType = wrapper.framework; name = CoreGraphics.framework; path = System/Library/Frameworks/CoreGraphics.framework; sourceTree = SDKROOT; };
		0F0046C115F22B7C00CF7B24 /* GLKit.framework */ = {isa = PBXFileReference; lastKnownFileType = wrapper.framework; name = GLKit.framework; path = System/Library/Frameworks/GLKit.framework; sourceTree = SDKROOT; };
		0F0046C315F22B7C00CF7B24 /* OpenGLES.framework */ = {isa = PBXFileReference; lastKnownFileType = wrapper.framework; name = OpenGLES.framework; path = System/Library/Frameworks/OpenGLES.framework; sourceTree = SDKROOT; };
		0F0046C715F22B7C00CF7B24 /* Perlin-Info.plist */ = {isa = PBXFileReference; lastKnownFileType = text.plist.xml; path = "Perlin-Info.plist"; sourceTree = "<group>"; };
		0F0046C915F22B7C00CF7B24 /* en */ = {isa = PBXFileReference; lastKnownFileType = text.plist.strings; name = en; path = en.lproj/InfoPlist.strings; sourceTree = "<group>"; };
		0F0046CB15F22B7C00CF7B24 /* main.m */ = {isa = PBXFileReference; lastKnownFileType = sourcecode.c.objc; path = main.m; sourceTree = "<group>"; };
		0F0046CD15F22B7C00CF7B24 /* Perlin-Prefix.pch */ = {isa = PBXFileReference; lastKnownFileType = sourcecode.c.h; path = "Perlin-Prefix.pch"; sourceTree = "<group>"; };
		0F0046CE15F22B7C00CF7B24 /* PerlinAppDelegate.h */ = {isa = PBXFileReference; lastKnownFileType = sourcecode.c.h; path = PerlinAppDelegate.h; sourceTree = "<group>"; };
		0F0046CF15F22B7C00CF7B24 /* PerlinAppDelegate.m */ = {isa = PBXFileReference; lastKnownFileType = sourcecode.c.objc; path = PerlinAppDelegate.m; sourceTree = "<group>"; };
		0F0046D115F22B7C00CF7B24 /* Shader.fsh */ = {isa = PBXFileReference; lastKnownFileType = sourcecode.glsl; name = Shader.fsh; path = Shaders/Shader.fsh; sourceTree = "<group>"; };
		0F0046D315F22B7C00CF7B24 /* Shader.vsh */ = {isa = PBXFileReference; lastKnownFileType = sourcecode.glsl; name = Shader.vsh; path = Shaders/Shader.vsh; sourceTree = "<group>"; };
		0F0046D515F22B7C00CF7B24 /* PerlinViewController.h */ = {isa = PBXFileReference; lastKnownFileType = sourcecode.c.h; path = PerlinViewController.h; sourceTree = "<group>"; };
		0F0046D615F22B7C00CF7B24 /* PerlinViewController.m */ = {isa = PBXFileReference; lastKnownFileType = sourcecode.c.objc; path = PerlinViewController.m; sourceTree = "<group>"; };
		0F0046D915F22B7C00CF7B24 /* en */ = {isa = PBXFileReference; lastKnownFileType = file.xib; name = en; path = en.lproj/PerlinViewController.xib; sourceTree = "<group>"; };
/* End PBXFileReference section */

/* Begin PBXFrameworksBuildPhase section */
		0F0046B415F22B7C00CF7B24 /* Frameworks */ = {
			isa = PBXFrameworksBuildPhase;
			buildActionMask = 2147483647;
			files = (
				0F0046BC15F22B7C00CF7B24 /* UIKit.framework in Frameworks */,
				0F0046BE15F22B7C00CF7B24 /* Foundation.framework in Frameworks */,
				0F0046C015F22B7C00CF7B24 /* CoreGraphics.framework in Frameworks */,
				0F0046C215F22B7C00CF7B24 /* GLKit.framework in Frameworks */,
				0F0046C415F22B7C00CF7B24 /* OpenGLES.framework in Frameworks */,
			);
			runOnlyForDeploymentPostprocessing = 0;
		};
/* End PBXFrameworksBuildPhase section */

/* Begin PBXGroup section */
		0F0046AC15F22B7C00CF7B24 = {
			isa = PBXGroup;
			children = (
				0F0046C515F22B7C00CF7B24 /* Perlin */,
				0F0046BA15F22B7C00CF7B24 /* Frameworks */,
				0F0046B815F22B7C00CF7B24 /* Products */,
			);
			sourceTree = "<group>";
		};
		0F0046B815F22B7C00CF7B24 /* Products */ = {
			isa = PBXGroup;
			children = (
				0F0046B715F22B7C00CF7B24 /* Perlin.app */,
			);
			name = Products;
			sourceTree = "<group>";
		};
		0F0046BA15F22B7C00CF7B24 /* Frameworks */ = {
			isa = PBXGroup;
			children = (
				0F0046BB15F22B7C00CF7B24 /* UIKit.framework */,
				0F0046BD15F22B7C00CF7B24 /* Foundation.framework */,
				0F0046BF15F22B7C00CF7B24 /* CoreGraphics.framework */,
				0F0046C115F22B7C00CF7B24 /* GLKit.framework */,
				0F0046C315F22B7C00CF7B24 /* OpenGLES.framework */,
			);
			name = Frameworks;
			sourceTree = "<group>";
		};
		0F0046C515F22B7C00CF7B24 /* Perlin */ = {
			isa = PBXGroup;
			children = (
				0F0046CE15F22B7C00CF7B24 /* PerlinAppDelegate.h */,
				0F0046CF15F22B7C00CF7B24 /* PerlinAppDelegate.m */,
				0F0046D115F22B7C00CF7B24 /* Shader.fsh */,
				0F0046D315F22B7C00CF7B24 /* Shader.vsh */,
				0F0046D515F22B7C00CF7B24 /* PerlinViewController.h */,
				0F0046D615F22B7C00CF7B24 /* PerlinViewController.m */,
				0F0046D815F22B7C00CF7B24 /* PerlinViewController.xib */,
				0F0046C615F22B7C00CF7B24 /* Supporting Files */,
			);
			path = Perlin;
			sourceTree = "<group>";
		};
		0F0046C615F22B7C00CF7B24 /* Supporting Files */ = {
			isa = PBXGroup;
			children = (
				0F0046C715F22B7C00CF7B24 /* Perlin-Info.plist */,
				0F0046C815F22B7C00CF7B24 /* InfoPlist.strings */,
				0F0046CB15F22B7C00CF7B24 /* main.m */,
				0F0046CD15F22B7C00CF7B24 /* Perlin-Prefix.pch */,
			);
			name = "Supporting Files";
			sourceTree = "<group>";
		};
/* End PBXGroup section */

/* Begin PBXNativeTarget section */
		0F0046B615F22B7C00CF7B24 /* Perlin */ = {
			isa = PBXNativeTarget;
			buildConfigurationList = 0F0046DD15F22B7C00CF7B24 /* Build configuration list for PBXNativeTarget "Perlin" */;
			buildPhases = (
				0F0046B315F22B7C00CF7B24 /* Sources */,
				0F0046B415F22B7C00CF7B24 /* Frameworks */,
				0F0046B515F22B7C00CF7B24 /* Resources */,
			);
			buildRules = (
			);
			dependencies = (
			);
			name = Perlin;
			productName = Perlin;
			productReference = 0F0046B715F22B7C00CF7B24 /* Perlin.app */;
			productType = "com.apple.product-type.application";
		};
/* End PBXNativeTarget section */

/* Begin PBXProject section */
		0F0046AE15F22B7C00CF7B24 /* Project object */ = {
			isa = PBXProject;
			attributes = {
				CLASSPREFIX = Perlin;
				LastUpgradeCheck = 0440;
				ORGANIZATIONNAME = "Radium Software";
			};
			buildConfigurationList = 0F0046B115F22B7C00CF7B24 /* Build configuration list for PBXProject "Perlin" */;
			compatibilityVersion = "Xcode 3.2";
			developmentRegion = English;
			hasScannedForEncodings = 0;
			knownRegions = (
				en,
			);
			mainGroup = 0F0046AC15F22B7C00CF7B24;
			productRefGroup = 0F0046B815F22B7C00CF7B24 /* Products */;
			projectDirPath = "";
			projectRoot = "";
			targets = (
				0F0046B615F22B7C00CF7B24 /* Perlin */,
			);
		};
/* End PBXProject section */

/* Begin PBXResourcesBuildPhase section */
		0F0046B515F22B7C00CF7B24 /* Resources */ = {
			isa = PBXResourcesBuildPhase;
			buildActionMask = 2147483647;
			files = (
				0F0046CA15F22B7C00CF7B24 /* InfoPlist.strings in Resources */,
				0F0046D215F22B7C00CF7B24 /* Shader.fsh in Resources */,
				0F0046D415F22B7C00CF7B24 /* Shader.vsh in Resources */,
				0F0046DA15F22B7C00CF7B24 /* PerlinViewController.xib in Resources */,
			);
			runOnlyForDeploymentPostprocessing = 0;
		};
/* End PBXResourcesBuildPhase section */

/* Begin PBXSourcesBuildPhase section */
		0F0046B315F22B7C00CF7B24 /* Sources */ = {
			isa = PBXSourcesBuildPhase;
			buildActionMask = 2147483647;
			files = (
				0F0046CC15F22B7C00CF7B24 /* main.m in Sources */,
				0F0046D015F22B7C00CF7B24 /* PerlinAppDelegate.m in Sources */,
				0F0046D715F22B7C00CF7B24 /* PerlinViewController.m in Sources */,
			);
			runOnlyForDeploymentPostprocessing = 0;
		};
/* End PBXSourcesBuildPhase section */

/* Begin PBXVariantGroup section */
		0F0046C815F22B7C00CF7B24 /* InfoPlist.strings */ = {
			isa = PBXVariantGroup;
			children = (
				0F0046C915F22B7C00CF7B24 /* en */,
			);
			name = InfoPlist.strings;
			sourceTree = "<group>";
		};
		0F0046D815F22B7C00CF7B24 /* PerlinViewController.xib */ = {
			isa = PBXVariantGroup;
			children = (
				0F0046D915F22B7C00CF7B24 /* en */,
			);
			name = PerlinViewController.xib;
			sourceTree = "<group>";
		};
/* End PBXVariantGroup section */

/* Begin XCBuildConfiguration section */
		0F0046DB15F22B7C00CF7B24 /* Debug */ = {
			isa = XCBuildConfiguration;
			buildSettings = {
				ALWAYS_SEARCH_USER_PATHS = NO;
				ARCHS = "$(ARCHS_STANDARD_32_BIT)";
				CLANG_CXX_LANGUAGE_STANDARD = "gnu++0x";
				CLANG_ENABLE_OBJC_ARC = YES;
				CLANG_WARN__DUPLICATE_METHOD_MATCH = YES;
				"CODE_SIGN_IDENTITY[sdk=iphoneos*]" = "iPhone Developer";
				COPY_PHASE_STRIP = NO;
				GCC_C_LANGUAGE_STANDARD = gnu99;
				GCC_DYNAMIC_NO_PIC = NO;
				GCC_OPTIMIZATION_LEVEL = 0;
				GCC_PREPROCESSOR_DEFINITIONS = (
					"DEBUG=1",
					"$(inherited)",
				);
				GCC_SYMBOLS_PRIVATE_EXTERN = NO;
				GCC_VERSION = com.apple.compilers.llvm.clang.1_0;
				GCC_WARN_ABOUT_RETURN_TYPE = YES;
				GCC_WARN_UNINITIALIZED_AUTOS = YES;
				GCC_WARN_UNUSED_VARIABLE = YES;
				IPHONEOS_DEPLOYMENT_TARGET = 5.1;
				SDKROOT = iphoneos;
			};
			name = Debug;
		};
		0F0046DC15F22B7C00CF7B24 /* Release */ = {
			isa = XCBuildConfiguration;
			buildSettings = {
				ALWAYS_SEARCH_USER_PATHS = NO;
				ARCHS = "$(ARCHS_STANDARD_32_BIT)";
				CLANG_CXX_LANGUAGE_STANDARD = "gnu++0x";
				CLANG_ENABLE_OBJC_ARC = YES;
				CLANG_WARN__DUPLICATE_METHOD_MATCH = YES;
				"CODE_SIGN_IDENTITY[sdk=iphoneos*]" = "iPhone Developer";
				COPY_PHASE_STRIP = YES;
				GCC_C_LANGUAGE_STANDARD = gnu99;
				GCC_VERSION = com.apple.compilers.llvm.clang.1_0;
				GCC_WARN_ABOUT_RETURN_TYPE = YES;
				GCC_WARN_UNINITIALIZED_AUTOS = YES;
				GCC_WARN_UNUSED_VARIABLE = YES;
				IPHONEOS_DEPLOYMENT_TARGET = 5.1;
				OTHER_CFLAGS = "-DNS_BLOCK_ASSERTIONS=1";
				SDKROOT = iphoneos;
				VALIDATE_PRODUCT = YES;
			};
			name = Release;
		};
		0F0046DE15F22B7C00CF7B24 /* Debug */ = {
			isa = XCBuildConfiguration;
			buildSettings = {
				GCC_PRECOMPILE_PREFIX_HEADER = YES;
				GCC_PREFIX_HEADER = "Perlin/Perlin-Prefix.pch";
				INFOPLIST_FILE = "Perlin/Perlin-Info.plist";
				PRODUCT_NAME = "$(TARGET_NAME)";
				WRAPPER_EXTENSION = app;
			};
			name = Debug;
		};
		0F0046DF15F22B7C00CF7B24 /* Release */ = {
			isa = XCBuildConfiguration;
			buildSettings = {
				GCC_PRECOMPILE_PREFIX_HEADER = YES;
				GCC_PREFIX_HEADER = "Perlin/Perlin-Prefix.pch";
				INFOPLIST_FILE = "Perlin/Perlin-Info.plist";
				PRODUCT_NAME = "$(TARGET_NAME)";
				WRAPPER_EXTENSION = app;
			};
			name = Release;
		};
/* End XCBuildConfiguration section */

/* Begin XCConfigurationList section */
		0F0046B115F22B7C00CF7B24 /* Build configuration list for PBXProject "Perlin" */ = {
			isa = XCConfigurationList;
			buildConfigurations = (
				0F0046DB15F22B7C00CF7B24 /* Debug */,
				0F0046DC15F22B7C00CF7B24 /* Release */,
			);
			defaultConfigurationIsVisible = 0;
			defaultConfigurationName = Release;
		};
		0F0046DD15F22B7C00CF7B24 /* Build configuration list for PBXNativeTarget "Perlin" */ = {
			isa = XCConfigurationList;
			buildConfigurations = (
				0F0046DE15F22B7C00CF7B24 /* Debug */,
				0F0046DF15F22B7C00CF7B24 /* Release */,
			);
			defaultConfigurationIsVisible = 0;
		};
/* End XCConfigurationList section */
	};
	rootObject = 0F0046AE15F22B7C00CF7B24 /* Project object */;
}
